
Microsoft Visual Studio Solution File, Format Version 12.00
# Visual Studio Version 16
VisualStudioVersion = 16.0.30225.117
MinimumVisualStudioVersion = 10.0.40219.1
Project("{FAE04EC0-301F-11D3-BF4B-00C04F79EFBC}") = "POPPING BALLOONS GAME", "POPPING BALLOONS GAME\POPPING BALLOONS GAME.csproj", "{8C5FC097-4829-4402-AAE8-27BAB3F05C17}"
EndProject
Global
	GlobalSection(SolutionConfigurationPlatforms) = preSolution
		Debug|Any CPU = Debug|Any CPU
		Release|Any CPU = Release|Any CPU
	EndGlobalSection
	GlobalSection(ProjectConfigurationPlatforms) = postSolution
		{8C5FC097-4829-4402-AAE8-27BAB3F05C17}.Debug|Any CPU.ActiveCfg = Debug|Any CPU
		{8C5FC097-4829-4402-AAE8-27BAB3F05C17}.Debug|Any CPU.Build.0 = Debug|Any CPU
		{8C5FC097-4829-4402-AAE8-27BAB3F05C17}.Release|Any CPU.ActiveCfg = Release|Any CPU
		{8C5FC097-4829-4402-AAE8-27BAB3F05C17}.Release|Any CPU.Build.0 = Release|Any CPU
	EndGlobalSection
	GlobalSection(SolutionProperties) = preSolution
		HideSolutionNode = FALSE
	EndGlobalSection
	GlobalSection(ExtensibilityGlobals) = postSolution
		SolutionGuid = {B82A5356-2696-4EB3-8B0C-A72DB108D5E6}
	EndGlobalSection
EndGlobal
